{
  "lockfile_version": "1",
  "packages": {
    "github:NixOS/nixpkgs/nixpkgs-unstable": {
      "last_modified": "2026-03-04T17:06:11Z",
      "resolved": "github:NixOS/nixpkgs/400de68cd101e8cfebffea121397683caf7f5a34?lastModified=1772643971"
    },
    "nodejs-slim@20.20.0": {
      "last_modified": "2026-03-02T02:42:23Z",
      "plugin_version": "0.0.2",
      "resolved": "github:NixOS/nixpkgs/93178f6a00c22fcdee1c6f5f9ab92f2072072ea9#nodejs-slim_20",
      "source": "devbox-search",
      "version": "20.20.0",
      "systems": {
        "aarch64-darwin": {
          "outputs": [
            {
              "name": "out",
              "path": "/nix/store/9h3r83xdiprwcggwhbf913s70w4ak04z-nodejs-slim-20.20.0",
              "default": true
            },
            {
              "name": "corepack",
              "path": "/nix/store/hxvc9z65hr82sfrrlqdfix42iyzqrh5q-nodejs-slim-20.20.0-corepack"
            },
            {
              "name": "dev",
              "path": "/nix/store/b943szahcdrk9fw3knwbn9zc11qwhgvf-nodejs-slim-20.20.0-dev"
            },
            {
              "name": "libv8",
              "path": "/nix/store/7z0n4lq871ykng225kqj9k2k631wfn0i-nodejs-slim-20.20.0-libv8"
            },
            {
              "name": "npm",
              "path": "/nix/store/ghx0jny8izgjgylcq477zp3n57lkr141-nodejs-slim-20.20.0-npm"
            }
          ],
          "store_path": "/nix/store/9h3r83xdiprwcggwhbf913s70w4ak04z-nodejs-slim-20.20.0"
        },
        "aarch64-linux": {
          "outputs": [
            {
              "name": "out",
              "path": "/nix/store/j986vd29dlz2jha11p7mg1bmpdbzb2wn-nodejs-slim-20.20.0",
              "default": true
            },
            {
              "name": "libv8",
              "path": "/nix/store/09zab8i2kaaz292i6h6a4rkc2maj3xdq-nodejs-slim-20.20.0-libv8"
            },
            {
              "name": "npm",
              "path": "/nix/store/vmnhrsxqgaw9p8c0x8rskzd0r348ihvn-nodejs-slim-20.20.0-npm"
            },
            {
              "name": "corepack",
              "path": "/nix/store/q9vsgx8r0kwlja12sc7q5yglhyfkrvfi-nodejs-slim-20.20.0-corepack"
            },
            {
              "name": "dev",
              "path": "/nix/store/shlp3m9rwqlfw2c8xc8lkwz8cq228j7r-nodejs-slim-20.20.0-dev"
            }
          ],
          "store_path": "/nix/store/j986vd29dlz2jha11p7mg1bmpdbzb2wn-nodejs-slim-20.20.0"
        },
        "x86_64-darwin": {
          "outputs": [
            {
              "name": "out",
              "path": "/nix/store/18v6j1nzbq99iv44vk7y01adlyq0drl4-nodejs-slim-20.20.0",
              "default": true
            },
            {
              "name": "npm",
              "path": "/nix/store/5d1cnmgis756acrj7zac7ywkw80q0bih-nodejs-slim-20.20.0-npm"
            },
            {
              "name": "corepack",
              "path": "/nix/store/vny2mccpny9in4ij8bikb7gkn6ijslmw-nodejs-slim-20.20.0-corepack"
            },
            {
              "name": "dev",
              "path": "/nix/store/jy894ayjfaylljcg63w8qz0509i5jscz-nodejs-slim-20.20.0-dev"
            },
            {
              "name": "libv8",
              "path": "/nix/store/3sr4ycifqbkqinngnpfkhxawzf5b99zk-nodejs-slim-20.20.0-libv8"
            }
          ],
          "store_path": "/nix/store/18v6j1nzbq99iv44vk7y01adlyq0drl4-nodejs-slim-20.20.0"
        },
        "x86_64-linux": {
          "outputs": [
            {
              "name": "out",
              "path": "/nix/store/j5b5qmx5i13av5b74ggyr5524xw1ma8i-nodejs-slim-20.20.0",
              "default": true
            },
            {
              "name": "corepack",
              "path": "/nix/store/r8yhfhs3zs0sp7c5dhpbsrk0gwzwn6zj-nodejs-slim-20.20.0-corepack"
            },
            {
              "name": "dev",
              "path": "/nix/store/flnczp45bh8z1lp81mwz6rayr7h9p9cb-nodejs-slim-20.20.0-dev"
            },
            {
              "name": "libv8",
              "path": "/nix/store/c83bbnh8917acalzavpxh50liirsij92-nodejs-slim-20.20.0-libv8"
            },
            {
              "name": "npm",
              "path": "/nix/store/dfr0bb3m3vrsjww50fmbrqm3ffq103lf-nodejs-slim-20.20.0-npm"
            }
          ],
          "store_path": "/nix/store/j5b5qmx5i13av5b74ggyr5524xw1ma8i-nodejs-slim-20.20.0"
        }
      }
    },
    "pnpm@latest": {
      "last_modified": "2026-03-02T11:03:52Z",
      "resolved": "github:NixOS/nixpkgs/dc7513872406b53d2ff417a003895d6daffdff2f#pnpm",
      "source": "devbox-search",
      "version": "10.28.0",
      "systems": {
        "aarch64-darwin": {
          "outputs": [
            {
              "name": "out",
              "path": "/nix/store/83pa5ipxbpjw11p4k33mpdknw71sri72-pnpm-10.28.0",
              "default": true
            }
          ],
          "store_path": "/nix/store/83pa5ipxbpjw11p4k33mpdknw71sri72-pnpm-10.28.0"
        },
        "aarch64-linux": {
          "outputs": [
            {
              "name": "out",
              "path": "/nix/store/2ah9wyipwycymbw316p8aw4mvknbci7y-pnpm-10.28.0",
              "default": true
            }
          ],
          "store_path": "/nix/store/2ah9wyipwycymbw316p8aw4mvknbci7y-pnpm-10.28.0"
        },
        "x86_64-darwin": {
          "outputs": [
            {
              "name": "out",
              "path": "/nix/store/cxbygr8im6lypzfjsimqgc78ck84cpkd-pnpm-10.28.0",
              "default": true
            }
          ],
          "store_path": "/nix/store/cxbygr8im6lypzfjsimqgc78ck84cpkd-pnpm-10.28.0"
        },
        "x86_64-linux": {
          "outputs": [
            {
              "name": "out",
              "path": "/nix/store/f2fcs5sgi5jd8gpds8axpwhbg183ifmz-pnpm-10.28.0",
              "default": true
            }
          ],
          "store_path": "/nix/store/f2fcs5sgi5jd8gpds8axpwhbg183ifmz-pnpm-10.28.0"
        }
      }
    }
  }
}
